// !$*UTF8*$!
{
	archiveVersion = 1;
	classes = {
	};
	objectVersion = 46;
	objects = {

/* Begin PBXBuildFile section */
		13FB0ABD1D08AE4B00EF37A1 /* AppDelegate.swift in Sources */ = {isa = PBXBuildFile; fileRef = 13FB0ABC1D08AE4B00EF37A1 /* AppDelegate.swift */; };
		13FB0ABF1D08AE4B00EF37A1 /* ViewController.swift in Sources */ = {isa = PBXBuildFile; fileRef = 13FB0ABE1D08AE4B00EF37A1 /* ViewController.swift */; };
		13FB0AC21D08AE4B00EF37A1 /* Main.storyboard in Resources */ = {isa = PBXBuildFile; fileRef = 13FB0AC01D08AE4B00EF37A1 /* Main.storyboard */; };
		13FB0AC41D08AE4B00EF37A1 /* Assets.xcassets in Resources */ = {isa = PBXBuildFile; fileRef = 13FB0AC31D08AE4B00EF37A1 /* Assets.xcassets */; };
		13FB0AC71D08AE4B00EF37A1 /* LaunchScreen.storyboard in Resources */ = {isa = PBXBuildFile; fileRef = 13FB0AC51D08AE4B00EF37A1 /* LaunchScreen.storyboard */; };
/* End PBXBuildFile section */

/* Begin PBXFileReference section */
		13FB0AB91D08AE4B00EF37A1 /* OnTheMap.app */ = {isa = PBXFileReference; explicitFileType = wrapper.application; includeInIndex = 0; path = OnTheMap.app; sourceTree = BUILT_PRODUCTS_DIR; };
		13FB0ABC1D08AE4B00EF37A1 /* AppDelegate.swift */ = {isa = PBXFileReference; lastKnownFileType = sourcecode.swift; path = AppDelegate.swift; sourceTree = "<group>"; };
		13FB0ABE1D08AE4B00EF37A1 /* ViewController.swift */ = {isa = PBXFileReference; lastKnownFileType = sourcecode.swift; path = ViewController.swift; sourceTree = "<group>"; };
		13FB0AC11D08AE4B00EF37A1 /* Base */ = {isa = PBXFileReference; lastKnownFileType = file.storyboard; name = Base; path = Base.lproj/Main.storyboard; sourceTree = "<group>"; };
		13FB0AC31D08AE4B00EF37A1 /* Assets.xcassets */ = {isa = PBXFileReference; lastKnownFileType = folder.assetcatalog; path = Assets.xcassets; sourceTree = "<group>"; };
		13FB0AC61D08AE4B00EF37A1 /* Base */ = {isa = PBXFileReference; lastKnownFileType = file.storyboard; name = Base; path = Base.lproj/LaunchScreen.storyboard; sourceTree = "<group>"; };
		13FB0AC81D08AE4B00EF37A1 /* Info.plist */ = {isa = PBXFileReference; lastKnownFileType = text.plist.xml; path = Info.plist; sourceTree = "<group>"; };
/* End PBXFileReference section */

/* Begin PBXFrameworksBuildPhase section */
		13FB0AB61D08AE4B00EF37A1 /* Frameworks */ = {
			isa = PBXFrameworksBuildPhase;
			buildActionMask = 2147483647;
			files = (
			);
			runOnlyForDeploymentPostprocessing = 0;
		};
/* End PBXFrameworksBuildPhase section */

/* Begin PBXGroup section */
		13FB0AB01D08AE4A00EF37A1 = {
			isa = PBXGroup;
			children = (
				13FB0ABB1D08AE4B00EF37A1 /* OnTheMap */,
				13FB0ABA1D08AE4B00EF37A1 /* Products */,
			);
			sourceTree = "<group>";
		};
		13FB0ABA1D08AE4B00EF37A1 /* Products */ = {
			isa = PBXGroup;
			children = (
				13FB0AB91D08AE4B00EF37A1 /* OnTheMap.app */,
			);
			name = Products;
			sourceTree = "<group>";
		};
		13FB0ABB1D08AE4B00EF37A1 /* OnTheMap */ = {
			isa = PBXGroup;
			children = (
				13FB0ABC1D08AE4B00EF37A1 /* AppDelegate.swift */,
				13FB0ABE1D08AE4B00EF37A1 /* ViewController.swift */,
				13FB0AC01D08AE4B00EF37A1 /* Main.storyboard */,
				13FB0AC31D08AE4B00EF37A1 /* Assets.xcassets */,
				13FB0AC51D08AE4B00EF37A1 /* LaunchScreen.storyboard */,
				13FB0AC81D08AE4B00EF37A1 /* Info.plist */,
			);
			path = OnTheMap;
			sourceTree = "<group>";
		};
/* End PBXGroup section */

/* Begin PBXNativeTarget section */
		13FB0AB81D08AE4B00EF37A1 /* OnTheMap */ = {
			isa = PBXNativeTarget;
			buildConfigurationList = 13FB0ACB1D08AE4B00EF37A1 /* Build configuration list for PBXNativeTarget "OnTheMap" */;
			buildPhases = (
				13FB0AB51D08AE4B00EF37A1 /* Sources */,
				13FB0AB61D08AE4B00EF37A1 /* Frameworks */,
				13FB0AB71D08AE4B00EF37A1 /* Resources */,
			);
			buildRules = (
			);
			dependencies = (
			);
			name = OnTheMap;
			productName = OnTheMap;
			productReference = 13FB0AB91D08AE4B00EF37A1 /* OnTheMap.app */;
			productType = "com.apple.product-type.application";
		};
/* End PBXNativeTarget section */

/* Begin PBXProject section */
		13FB0AB11D08AE4A00EF37A1 /* Project object */ = {
			isa = PBXProject;
			attributes = {
				LastSwiftUpdateCheck = 0730;
				LastUpgradeCheck = 0730;
				ORGANIZATIONNAME = "Johnny Parham";
				TargetAttributes = {
					13FB0AB81D08AE4B00EF37A1 = {
						CreatedOnToolsVersion = 7.3.1;
					};
				};
			};
			buildConfigurationList = 13FB0AB41D08AE4A00EF37A1 /* Build configuration list for PBXProject "OnTheMap" */;
			compatibilityVersion = "Xcode 3.2";
			developmentRegion = English;
			hasScannedForEncodings = 0;
			knownRegions = (
				en,
				Base,
			);
			mainGroup = 13FB0AB01D08AE4A00EF37A1;
			productRefGroup = 13FB0ABA1D08AE4B00EF37A1 /* Products */;
			projectDirPath = "";
			projectRoot = "";
			targets = (
				13FB0AB81D08AE4B00EF37A1 /* OnTheMap */,
			);
		};
/* End PBXProject section */

/* Begin PBXResourcesBuildPhase section */
		13FB0AB71D08AE4B00EF37A1 /* Resources */ = {
			isa = PBXResourcesBuildPhase;
			buildActionMask = 2147483647;
			files = (
				13FB0AC71D08AE4B00EF37A1 /* LaunchScreen.storyboard in Resources */,
				13FB0AC41D08AE4B00EF37A1 /* Assets.xcassets in Resources */,
				13FB0AC21D08AE4B00EF37A1 /* Main.storyboard in Resources */,
			);
			runOnlyForDeploymentPostprocessing = 0;
		};
/* End PBXResourcesBuildPhase section */

/* Begin PBXSourcesBuildPhase section */
		13FB0AB51D08AE4B00EF37A1 /* Sources */ = {
			isa = PBXSourcesBuildPhase;
			buildActionMask = 2147483647;
			files = (
				13FB0ABF1D08AE4B00EF37A1 /* ViewController.swift in Sources */,
				13FB0ABD1D08AE4B00EF37A1 /* AppDelegate.swift in Sources */,
			);
			runOnlyForDeploymentPostprocessing = 0;
		};
/* End PBXSourcesBuildPhase section */

/* Begin PBXVariantGroup section */
		13FB0AC01D08AE4B00EF37A1 /* Main.storyboard */ = {
			isa = PBXVariantGroup;
			children = (
				13FB0AC11D08AE4B00EF37A1 /* Base */,
			);
			name = Main.storyboard;
			sourceTree = "<group>";
		};
		13FB0AC51D08AE4B00EF37A1 /* LaunchScreen.storyboard */ = {
			isa = PBXVariantGroup;
			children = (
				13FB0AC61D08AE4B00EF37A1 /* Base */,
			);
			name = LaunchScreen.storyboard;
			sourceTree = "<group>";
		};
/* End PBXVariantGroup section */

/* Begin XCBuildConfiguration section */
		13FB0AC91D08AE4B00EF37A1 /* Debug */ = {
			isa = XCBuildConfiguration;
			buildSettings = {
				ALWAYS_SEARCH_USER_PATHS = NO;
				CLANG_ANALYZER_NONNULL = YES;
				CLANG_CXX_LANGUAGE_STANDARD = "gnu++0x";
				CLANG_CXX_LIBRARY = "libc++";
				CLANG_ENABLE_MODULES = YES;
				CLANG_ENABLE_OBJC_ARC = YES;
				CLANG_WARN_BOOL_CONVERSION = YES;
				CLANG_WARN_CONSTANT_CONVERSION = YES;
				CLANG_WARN_DIRECT_OBJC_ISA_USAGE = YES_ERROR;
				CLANG_WARN_EMPTY_BODY = YES;
				CLANG_WARN_ENUM_CONVERSION = YES;
				CLANG_WARN_INT_CONVERSION = YES;
				CLANG_WARN_OBJC_ROOT_CLASS = YES_ERROR;
				CLANG_WARN_UNREACHABLE_CODE = YES;
				CLANG_WARN__DUPLICATE_METHOD_MATCH = YES;
				"CODE_SIGN_IDENTITY[sdk=iphoneos*]" = "iPhone Developer";
				COPY_PHASE_STRIP = NO;
				DEBUG_INFORMATION_FORMAT = dwarf;
				ENABLE_STRICT_OBJC_MSGSEND = YES;
				ENABLE_TESTABILITY = YES;
				GCC_C_LANGUAGE_STANDARD = gnu99;
				GCC_DYNAMIC_NO_PIC = NO;
				GCC_NO_COMMON_BLOCKS = YES;
				GCC_OPTIMIZATION_LEVEL = 0;
				GCC_PREPROCESSOR_DEFINITIONS = (
					"DEBUG=1",
					"$(inherited)",
				);
				GCC_WARN_64_TO_32_BIT_CONVERSION = YES;
				GCC_WARN_ABOUT_RETURN_TYPE = YES_ERROR;
				GCC_WARN_UNDECLARED_SELECTOR = YES;
				GCC_WARN_UNINITIALIZED_AUTOS = YES_AGGRESSIVE;
				GCC_WARN_UNUSED_FUNCTION = YES;
				GCC_WARN_UNUSED_VARIABLE = YES;
				IPHONEOS_DEPLOYMENT_TARGET = 9.3;
				MTL_ENABLE_DEBUG_INFO = YES;
				ONLY_ACTIVE_ARCH = YES;
				SDKROOT = iphoneos;
				SWIFT_OPTIMIZATION_LEVEL = "-Onone";
				TARGETED_DEVICE_FAMILY = "1,2";
			};
			name = Debug;
		};
		13FB0ACA1D08AE4B00EF37A1 /* Release */ = {
			isa = XCBuildConfiguration;
			buildSettings = {
				ALWAYS_SEARCH_USER_PATHS = NO;
				CLANG_ANALYZER_NONNULL = YES;
				CLANG_CXX_LANGUAGE_STANDARD = "gnu++0x";
				CLANG_CXX_LIBRARY = "libc++";
				CLANG_ENABLE_MODULES = YES;
				CLANG_ENABLE_OBJC_ARC = YES;
				CLANG_WARN_BOOL_CONVERSION = YES;
				CLANG_WARN_CONSTANT_CONVERSION = YES;
				CLANG_WARN_DIRECT_OBJC_ISA_USAGE = YES_ERROR;
				CLANG_WARN_EMPTY_BODY = YES;
				CLANG_WARN_ENUM_CONVERSION = YES;
				CLANG_WARN_INT_CONVERSION = YES;
				CLANG_WARN_OBJC_ROOT_CLASS = YES_ERROR;
				CLANG_WARN_UNREACHABLE_CODE = YES;
				CLANG_WARN__DUPLICATE_METHOD_MATCH = YES;
				"CODE_SIGN_IDENTITY[sdk=iphoneos*]" = "iPhone Developer";
				COPY_PHASE_STRIP = NO;
				DEBUG_INFORMATION_FORMAT = "dwarf-with-dsym";
				ENABLE_NS_ASSERTIONS = NO;
				ENABLE_STRICT_OBJC_MSGSEND = YES;
				GCC_C_LANGUAGE_STANDARD = gnu99;
				GCC_NO_COMMON_BLOCKS = YES;
				GCC_WARN_64_TO_32_BIT_CONVERSION = YES;
				GCC_WARN_ABOUT_RETURN_TYPE = YES_ERROR;
				GCC_WARN_UNDECLARED_SELECTOR = YES;
				GCC_WARN_UNINITIALIZED_AUTOS = YES_AGGRESSIVE;
				GCC_WARN_UNUSED_FUNCTION = YES;
				GCC_WARN_UNUSED_VARIABLE = YES;
				IPHONEOS_DEPLOYMENT_TARGET = 9.3;
				MTL_ENABLE_DEBUG_INFO = NO;
				SDKROOT = iphoneos;
				TARGETED_DEVICE_FAMILY = "1,2";
				VALIDATE_PRODUCT = YES;
			};
			name = Release;
		};
		13FB0ACC1D08AE4B00EF37A1 /* Debug */ = {
			isa = XCBuildConfiguration;
			buildSettings = {
				ASSETCATALOG_COMPILER_APPICON_NAME = AppIcon;
				INFOPLIST_FILE = OnTheMap/Info.plist;
				LD_RUNPATH_SEARCH_PATHS = "$(inherited) @executable_path/Frameworks";
				PRODUCT_BUNDLE_IDENTIFIER = com.jep.OnTheMap;
				PRODUCT_NAME = "$(TARGET_NAME)";
			};
			name = Debug;
		};
		13FB0ACD1D08AE4B00EF37A1 /* Release */ = {
			isa = XCBuildConfiguration;
			buildSettings = {
				ASSETCATALOG_COMPILER_APPICON_NAME = AppIcon;
				INFOPLIST_FILE = OnTheMap/Info.plist;
				LD_RUNPATH_SEARCH_PATHS = "$(inherited) @executable_path/Frameworks";
				PRODUCT_BUNDLE_IDENTIFIER = com.jep.OnTheMap;
				PRODUCT_NAME = "$(TARGET_NAME)";
			};
			name = Release;
		};
/* End XCBuildConfiguration section */

/* Begin XCConfigurationList section */
		13FB0AB41D08AE4A00EF37A1 /* Build configuration list for PBXProject "OnTheMap" */ = {
			isa = XCConfigurationList;
			buildConfigurations = (
				13FB0AC91D08AE4B00EF37A1 /* Debug */,
				13FB0ACA1D08AE4B00EF37A1 /* Release */,
			);
			defaultConfigurationIsVisible = 0;
			defaultConfigurationName = Release;
		};
		13FB0ACB1D08AE4B00EF37A1 /* Build configuration list for PBXNativeTarget "OnTheMap" */ = {
			isa = XCConfigurationList;
			buildConfigurations = (
				13FB0ACC1D08AE4B00EF37A1 /* Debug */,
				13FB0ACD1D08AE4B00EF37A1 /* Release */,
			);
			defaultConfigurationIsVisible = 0;
		};
/* End XCConfigurationList section */
	};
	rootObject = 13FB0AB11D08AE4A00EF37A1 /* Project object */;
}
